# THIS IS AN AUTOGENERATED FILE. DO NOT EDIT THIS FILE DIRECTLY.
# yarn lockfile v1


react-hook-form@^7.3.6:
  version "7.3.6"
  resolved "https://registry.yarnpkg.com/react-hook-form/-/react-hook-form-7.3.6.tgz#21da0f1aff834a9ae9f80a604ebbc28c5b229f79"
  integrity sha512-3LRjxMDn+CUKZ2G9TA9BgNQXX7M9I8WcE5GkcMNg6eOHa9mFc+uF6rKY9QAKlNNjKhdL1atOmOTVBEj2gJVuEQ==
